
Microsoft Visual Studio Solution File, Format Version 12.00
# Visual Studio Version 17
VisualStudioVersion = 17.11.35303.130
MinimumVisualStudioVersion = 10.0.40219.1
Project("{9A19103F-16F7-4668-BE54-9A1E7A4F7556}") = "Glamping_Addventure2", "..\Rolesyusuariosreparaos-main\Glamping_Addventure2.csproj", "{28F30632-6D1B-4D06-BC14-E6A9D674F2C5}"
EndProject
Global
	GlobalSection(SolutionConfigurationPlatforms) = preSolution
		Debug|Any CPU = Debug|Any CPU
		Release|Any CPU = Release|Any CPU
	EndGlobalSection
	GlobalSection(ProjectConfigurationPlatforms) = postSolution
		{28F30632-6D1B-4D06-BC14-E6A9D674F2C5}.Debug|Any CPU.ActiveCfg = Debug|Any CPU
		{28F30632-6D1B-4D06-BC14-E6A9D674F2C5}.Debug|Any CPU.Build.0 = Debug|Any CPU
		{28F30632-6D1B-4D06-BC14-E6A9D674F2C5}.Release|Any CPU.ActiveCfg = Release|Any CPU
		{28F30632-6D1B-4D06-BC14-E6A9D674F2C5}.Release|Any CPU.Build.0 = Release|Any CPU
	EndGlobalSection
	GlobalSection(SolutionProperties) = preSolution
		HideSolutionNode = FALSE
	EndGlobalSection
	GlobalSection(ExtensibilityGlobals) = postSolution
		SolutionGuid = {2489FC59-AEDC-4275-A19D-B923C5BFD89C}
	EndGlobalSection
EndGlobal
